// !$*UTF8*$!
{
	archiveVersion = 1;
	classes = {
	};
	objectVersion = 46;
	objects = {

/* Begin PBXBuildFile section */
		2C2073111CE66423004B4046 /* FBSDKCoreKit.framework in Frameworks */ = {isa = PBXBuildFile; fileRef = 2C20730F1CE66423004B4046 /* FBSDKCoreKit.framework */; };
		2C2073121CE66423004B4046 /* FBSDKLoginKit.framework in Frameworks */ = {isa = PBXBuildFile; fileRef = 2C2073101CE66423004B4046 /* FBSDKLoginKit.framework */; };
		2C2073151CE66550004B4046 /* test.m in Sources */ = {isa = PBXBuildFile; fileRef = 2C2073141CE66550004B4046 /* test.m */; };
		2C7DFA471CE65CA2003F140F /* AppDelegate.swift in Sources */ = {isa = PBXBuildFile; fileRef = 2C7DFA461CE65CA2003F140F /* AppDelegate.swift */; };
		2C7DFA491CE65CA2003F140F /* ViewController.swift in Sources */ = {isa = PBXBuildFile; fileRef = 2C7DFA481CE65CA2003F140F /* ViewController.swift */; };
		2C7DFA4C1CE65CA2003F140F /* Main.storyboard in Resources */ = {isa = PBXBuildFile; fileRef = 2C7DFA4A1CE65CA2003F140F /* Main.storyboard */; };
		2C7DFA4E1CE65CA2003F140F /* Assets.xcassets in Resources */ = {isa = PBXBuildFile; fileRef = 2C7DFA4D1CE65CA2003F140F /* Assets.xcassets */; };
		2C7DFA511CE65CA2003F140F /* LaunchScreen.storyboard in Resources */ = {isa = PBXBuildFile; fileRef = 2C7DFA4F1CE65CA2003F140F /* LaunchScreen.storyboard */; };
/* End PBXBuildFile section */

/* Begin PBXFileReference section */
		2C20730F1CE66423004B4046 /* FBSDKCoreKit.framework */ = {isa = PBXFileReference; lastKnownFileType = wrapper.framework; path = FBSDKCoreKit.framework; sourceTree = "<group>"; };
		2C2073101CE66423004B4046 /* FBSDKLoginKit.framework */ = {isa = PBXFileReference; lastKnownFileType = wrapper.framework; path = FBSDKLoginKit.framework; sourceTree = "<group>"; };
		2C2073131CE66550004B4046 /* GAI_TAMID-Bridging-Header.h */ = {isa = PBXFileReference; lastKnownFileType = sourcecode.c.h; path = "GAI_TAMID-Bridging-Header.h"; sourceTree = "<group>"; };
		2C2073141CE66550004B4046 /* test.m */ = {isa = PBXFileReference; fileEncoding = 4; lastKnownFileType = sourcecode.c.objc; path = test.m; sourceTree = "<group>"; };
		2C7DFA431CE65CA2003F140F /* GAI_TAMID.app */ = {isa = PBXFileReference; explicitFileType = wrapper.application; includeInIndex = 0; path = GAI_TAMID.app; sourceTree = BUILT_PRODUCTS_DIR; };
		2C7DFA461CE65CA2003F140F /* AppDelegate.swift */ = {isa = PBXFileReference; lastKnownFileType = sourcecode.swift; path = AppDelegate.swift; sourceTree = "<group>"; };
		2C7DFA481CE65CA2003F140F /* ViewController.swift */ = {isa = PBXFileReference; lastKnownFileType = sourcecode.swift; path = ViewController.swift; sourceTree = "<group>"; };
		2C7DFA4B1CE65CA2003F140F /* Base */ = {isa = PBXFileReference; lastKnownFileType = file.storyboard; name = Base; path = Base.lproj/Main.storyboard; sourceTree = "<group>"; };
		2C7DFA4D1CE65CA2003F140F /* Assets.xcassets */ = {isa = PBXFileReference; lastKnownFileType = folder.assetcatalog; path = Assets.xcassets; sourceTree = "<group>"; };
		2C7DFA501CE65CA2003F140F /* Base */ = {isa = PBXFileReference; lastKnownFileType = file.storyboard; name = Base; path = Base.lproj/LaunchScreen.storyboard; sourceTree = "<group>"; };
		2C7DFA521CE65CA2003F140F /* Info.plist */ = {isa = PBXFileReference; lastKnownFileType = text.plist.xml; path = Info.plist; sourceTree = "<group>"; };
/* End PBXFileReference section */

/* Begin PBXFrameworksBuildPhase section */
		2C7DFA401CE65CA2003F140F /* Frameworks */ = {
			isa = PBXFrameworksBuildPhase;
			buildActionMask = 2147483647;
			files = (
				2C2073121CE66423004B4046 /* FBSDKLoginKit.framework in Frameworks */,
				2C2073111CE66423004B4046 /* FBSDKCoreKit.framework in Frameworks */,
			);
			runOnlyForDeploymentPostprocessing = 0;
		};
/* End PBXFrameworksBuildPhase section */

/* Begin PBXGroup section */
		2C20730E1CE663FF004B4046 /* Frameworks */ = {
			isa = PBXGroup;
			children = (
				2C20730F1CE66423004B4046 /* FBSDKCoreKit.framework */,
				2C2073101CE66423004B4046 /* FBSDKLoginKit.framework */,
			);
			name = Frameworks;
			sourceTree = "<group>";
		};
		2C7DFA3A1CE65CA1003F140F = {
			isa = PBXGroup;
			children = (
				2C7DFA451CE65CA2003F140F /* GAI_TAMID */,
				2C7DFA441CE65CA2003F140F /* Products */,
			);
			sourceTree = "<group>";
		};
		2C7DFA441CE65CA2003F140F /* Products */ = {
			isa = PBXGroup;
			children = (
				2C7DFA431CE65CA2003F140F /* GAI_TAMID.app */,
			);
			name = Products;
			sourceTree = "<group>";
		};
		2C7DFA451CE65CA2003F140F /* GAI_TAMID */ = {
			isa = PBXGroup;
			children = (
				2C20730E1CE663FF004B4046 /* Frameworks */,
				2C7DFA461CE65CA2003F140F /* AppDelegate.swift */,
				2C7DFA481CE65CA2003F140F /* ViewController.swift */,
				2C7DFA4A1CE65CA2003F140F /* Main.storyboard */,
				2C7DFA4D1CE65CA2003F140F /* Assets.xcassets */,
				2C7DFA4F1CE65CA2003F140F /* LaunchScreen.storyboard */,
				2C7DFA521CE65CA2003F140F /* Info.plist */,
				2C2073141CE66550004B4046 /* test.m */,
				2C2073131CE66550004B4046 /* GAI_TAMID-Bridging-Header.h */,
			);
			path = GAI_TAMID;
			sourceTree = "<group>";
		};
/* End PBXGroup section */

/* Begin PBXNativeTarget section */
		2C7DFA421CE65CA2003F140F /* GAI_TAMID */ = {
			isa = PBXNativeTarget;
			buildConfigurationList = 2C7DFA551CE65CA2003F140F /* Build configuration list for PBXNativeTarget "GAI_TAMID" */;
			buildPhases = (
				2C7DFA3F1CE65CA2003F140F /* Sources */,
				2C7DFA401CE65CA2003F140F /* Frameworks */,
				2C7DFA411CE65CA2003F140F /* Resources */,
			);
			buildRules = (
			);
			dependencies = (
			);
			name = GAI_TAMID;
			productName = GAI_TAMID;
			productReference = 2C7DFA431CE65CA2003F140F /* GAI_TAMID.app */;
			productType = "com.apple.product-type.application";
		};
/* End PBXNativeTarget section */

/* Begin PBXProject section */
		2C7DFA3B1CE65CA1003F140F /* Project object */ = {
			isa = PBXProject;
			attributes = {
				LastSwiftUpdateCheck = 0720;
				LastUpgradeCheck = 0720;
				ORGANIZATIONNAME = "Екатерина Прокопьева";
				TargetAttributes = {
					2C7DFA421CE65CA2003F140F = {
						CreatedOnToolsVersion = 7.2;
						DevelopmentTeam = PPU2JBG92R;
					};
				};
			};
			buildConfigurationList = 2C7DFA3E1CE65CA1003F140F /* Build configuration list for PBXProject "GAI_TAMID" */;
			compatibilityVersion = "Xcode 3.2";
			developmentRegion = English;
			hasScannedForEncodings = 0;
			knownRegions = (
				en,
				Base,
			);
			mainGroup = 2C7DFA3A1CE65CA1003F140F;
			productRefGroup = 2C7DFA441CE65CA2003F140F /* Products */;
			projectDirPath = "";
			projectRoot = "";
			targets = (
				2C7DFA421CE65CA2003F140F /* GAI_TAMID */,
			);
		};
/* End PBXProject section */

/* Begin PBXResourcesBuildPhase section */
		2C7DFA411CE65CA2003F140F /* Resources */ = {
			isa = PBXResourcesBuildPhase;
			buildActionMask = 2147483647;
			files = (
				2C7DFA511CE65CA2003F140F /* LaunchScreen.storyboard in Resources */,
				2C7DFA4E1CE65CA2003F140F /* Assets.xcassets in Resources */,
				2C7DFA4C1CE65CA2003F140F /* Main.storyboard in Resources */,
			);
			runOnlyForDeploymentPostprocessing = 0;
		};
/* End PBXResourcesBuildPhase section */

/* Begin PBXSourcesBuildPhase section */
		2C7DFA3F1CE65CA2003F140F /* Sources */ = {
			isa = PBXSourcesBuildPhase;
			buildActionMask = 2147483647;
			files = (
				2C7DFA491CE65CA2003F140F /* ViewController.swift in Sources */,
				2C7DFA471CE65CA2003F140F /* AppDelegate.swift in Sources */,
				2C2073151CE66550004B4046 /* test.m in Sources */,
			);
			runOnlyForDeploymentPostprocessing = 0;
		};
/* End PBXSourcesBuildPhase section */

/* Begin PBXVariantGroup section */
		2C7DFA4A1CE65CA2003F140F /* Main.storyboard */ = {
			isa = PBXVariantGroup;
			children = (
				2C7DFA4B1CE65CA2003F140F /* Base */,
			);
			name = Main.storyboard;
			sourceTree = "<group>";
		};
		2C7DFA4F1CE65CA2003F140F /* LaunchScreen.storyboard */ = {
			isa = PBXVariantGroup;
			children = (
				2C7DFA501CE65CA2003F140F /* Base */,
			);
			name = LaunchScreen.storyboard;
			sourceTree = "<group>";
		};
/* End PBXVariantGroup section */

/* Begin XCBuildConfiguration section */
		2C7DFA531CE65CA2003F140F /* Debug */ = {
			isa = XCBuildConfiguration;
			buildSettings = {
				ALWAYS_SEARCH_USER_PATHS = NO;
				CLANG_CXX_LANGUAGE_STANDARD = "gnu++0x";
				CLANG_CXX_LIBRARY = "libc++";
				CLANG_ENABLE_MODULES = YES;
				CLANG_ENABLE_OBJC_ARC = YES;
				CLANG_WARN_BOOL_CONVERSION = YES;
				CLANG_WARN_CONSTANT_CONVERSION = YES;
				CLANG_WARN_DIRECT_OBJC_ISA_USAGE = YES_ERROR;
				CLANG_WARN_EMPTY_BODY = YES;
				CLANG_WARN_ENUM_CONVERSION = YES;
				CLANG_WARN_INT_CONVERSION = YES;
				CLANG_WARN_OBJC_ROOT_CLASS = YES_ERROR;
				CLANG_WARN_UNREACHABLE_CODE = YES;
				CLANG_WARN__DUPLICATE_METHOD_MATCH = YES;
				"CODE_SIGN_IDENTITY[sdk=iphoneos*]" = "iPhone Developer";
				COPY_PHASE_STRIP = NO;
				DEBUG_INFORMATION_FORMAT = dwarf;
				ENABLE_STRICT_OBJC_MSGSEND = YES;
				ENABLE_TESTABILITY = YES;
				GCC_C_LANGUAGE_STANDARD = gnu99;
				GCC_DYNAMIC_NO_PIC = NO;
				GCC_NO_COMMON_BLOCKS = YES;
				GCC_OPTIMIZATION_LEVEL = 0;
				GCC_PREPROCESSOR_DEFINITIONS = (
					"DEBUG=1",
					"$(inherited)",
				);
				GCC_WARN_64_TO_32_BIT_CONVERSION = YES;
				GCC_WARN_ABOUT_RETURN_TYPE = YES_ERROR;
				GCC_WARN_UNDECLARED_SELECTOR = YES;
				GCC_WARN_UNINITIALIZED_AUTOS = YES_AGGRESSIVE;
				GCC_WARN_UNUSED_FUNCTION = YES;
				GCC_WARN_UNUSED_VARIABLE = YES;
				IPHONEOS_DEPLOYMENT_TARGET = 9.2;
				MTL_ENABLE_DEBUG_INFO = YES;
				ONLY_ACTIVE_ARCH = YES;
				SDKROOT = iphoneos;
				SWIFT_OPTIMIZATION_LEVEL = "-Onone";
			};
			name = Debug;
		};
		2C7DFA541CE65CA2003F140F /* Release */ = {
			isa = XCBuildConfiguration;
			buildSettings = {
				ALWAYS_SEARCH_USER_PATHS = NO;
				CLANG_CXX_LANGUAGE_STANDARD = "gnu++0x";
				CLANG_CXX_LIBRARY = "libc++";
				CLANG_ENABLE_MODULES = YES;
				CLANG_ENABLE_OBJC_ARC = YES;
				CLANG_WARN_BOOL_CONVERSION = YES;
				CLANG_WARN_CONSTANT_CONVERSION = YES;
				CLANG_WARN_DIRECT_OBJC_ISA_USAGE = YES_ERROR;
				CLANG_WARN_EMPTY_BODY = YES;
				CLANG_WARN_ENUM_CONVERSION = YES;
				CLANG_WARN_INT_CONVERSION = YES;
				CLANG_WARN_OBJC_ROOT_CLASS = YES_ERROR;
				CLANG_WARN_UNREACHABLE_CODE = YES;
				CLANG_WARN__DUPLICATE_METHOD_MATCH = YES;
				"CODE_SIGN_IDENTITY[sdk=iphoneos*]" = "iPhone Developer";
				COPY_PHASE_STRIP = NO;
				DEBUG_INFORMATION_FORMAT = "dwarf-with-dsym";
				ENABLE_NS_ASSERTIONS = NO;
				ENABLE_STRICT_OBJC_MSGSEND = YES;
				GCC_C_LANGUAGE_STANDARD = gnu99;
				GCC_NO_COMMON_BLOCKS = YES;
				GCC_WARN_64_TO_32_BIT_CONVERSION = YES;
				GCC_WARN_ABOUT_RETURN_TYPE = YES_ERROR;
				GCC_WARN_UNDECLARED_SELECTOR = YES;
				GCC_WARN_UNINITIALIZED_AUTOS = YES_AGGRESSIVE;
				GCC_WARN_UNUSED_FUNCTION = YES;
				GCC_WARN_UNUSED_VARIABLE = YES;
				IPHONEOS_DEPLOYMENT_TARGET = 9.2;
				MTL_ENABLE_DEBUG_INFO = NO;
				SDKROOT = iphoneos;
				VALIDATE_PRODUCT = YES;
			};
			name = Release;
		};
		2C7DFA561CE65CA2003F140F /* Debug */ = {
			isa = XCBuildConfiguration;
			buildSettings = {
				ASSETCATALOG_COMPILER_APPICON_NAME = AppIcon;
				CLANG_ENABLE_MODULES = YES;
				FRAMEWORK_SEARCH_PATHS = (
					"$(inherited)",
					"$(PROJECT_DIR)/GAI_TAMID",
				);
				INFOPLIST_FILE = GAI_TAMID/Info.plist;
				LD_RUNPATH_SEARCH_PATHS = "$(inherited) @executable_path/Frameworks";
				PRODUCT_BUNDLE_IDENTIFIER = "me.GAI-TAMID";
				PRODUCT_NAME = "$(TARGET_NAME)";
				SWIFT_OBJC_BRIDGING_HEADER = "GAI_TAMID/GAI_TAMID-Bridging-Header.h";
				SWIFT_OPTIMIZATION_LEVEL = "-Onone";
			};
			name = Debug;
		};
		2C7DFA571CE65CA2003F140F /* Release */ = {
			isa = XCBuildConfiguration;
			buildSettings = {
				ASSETCATALOG_COMPILER_APPICON_NAME = AppIcon;
				CLANG_ENABLE_MODULES = YES;
				FRAMEWORK_SEARCH_PATHS = (
					"$(inherited)",
					"$(PROJECT_DIR)/GAI_TAMID",
				);
				INFOPLIST_FILE = GAI_TAMID/Info.plist;
				LD_RUNPATH_SEARCH_PATHS = "$(inherited) @executable_path/Frameworks";
				PRODUCT_BUNDLE_IDENTIFIER = "me.GAI-TAMID";
				PRODUCT_NAME = "$(TARGET_NAME)";
				SWIFT_OBJC_BRIDGING_HEADER = "GAI_TAMID/GAI_TAMID-Bridging-Header.h";
			};
			name = Release;
		};
/* End XCBuildConfiguration section */

/* Begin XCConfigurationList section */
		2C7DFA3E1CE65CA1003F140F /* Build configuration list for PBXProject "GAI_TAMID" */ = {
			isa = XCConfigurationList;
			buildConfigurations = (
				2C7DFA531CE65CA2003F140F /* Debug */,
				2C7DFA541CE65CA2003F140F /* Release */,
			);
			defaultConfigurationIsVisible = 0;
			defaultConfigurationName = Release;
		};
		2C7DFA551CE65CA2003F140F /* Build configuration list for PBXNativeTarget "GAI_TAMID" */ = {
			isa = XCConfigurationList;
			buildConfigurations = (
				2C7DFA561CE65CA2003F140F /* Debug */,
				2C7DFA571CE65CA2003F140F /* Release */,
			);
			defaultConfigurationIsVisible = 0;
			defaultConfigurationName = Release;
		};
/* End XCConfigurationList section */
	};
	rootObject = 2C7DFA3B1CE65CA1003F140F /* Project object */;
}
